
Microsoft Visual Studio Solution File, Format Version 12.00
# Visual Studio Version 17
VisualStudioVersion = 17.12.35707.178
MinimumVisualStudioVersion = 10.0.40219.1
Project("{FAE04EC0-301F-11D3-BF4B-00C04F79EFBC}") = "ZigSimInterpreter", "ZigSimInterpreter\ZigSimInterpreter.csproj", "{829AA5D0-EA2E-43CD-9646-B1B99011BE3F}"
EndProject
Project("{FAE04EC0-301F-11D3-BF4B-00C04F79EFBC}") = "ZigSimInterpreter.ConsoleAppDemo", "ZigSimInterpreter.ConsoleAppDemo\ZigSimInterpreter.ConsoleAppDemo.csproj", "{A92EBE31-B787-4DE3-83AD-7722E4ED4530}"
EndProject
Project("{FAE04EC0-301F-11D3-BF4B-00C04F79EFBC}") = "ZigSimInterpreter.Test", "ZigSimInterpreter.Test\ZigSimInterpreter.Test.csproj", "{20CAE548-4E2F-48E0-A705-FDE753DBBE07}"
EndProject
Project("{2150E333-8FDC-42A3-9474-1A3956D46DE8}") = "Solution Items", "Solution Items", "{2022CB0F-8BAF-F49E-0C48-8EF4C96EC109}"
	ProjectSection(SolutionItems) = preProject
		.editorconfig = .editorconfig
		README.md = README.md
	EndProjectSection
EndProject
Global
	GlobalSection(SolutionConfigurationPlatforms) = preSolution
		Debug|Any CPU = Debug|Any CPU
		Release|Any CPU = Release|Any CPU
	EndGlobalSection
	GlobalSection(ProjectConfigurationPlatforms) = postSolution
		{829AA5D0-EA2E-43CD-9646-B1B99011BE3F}.Debug|Any CPU.ActiveCfg = Debug|Any CPU
		{829AA5D0-EA2E-43CD-9646-B1B99011BE3F}.Debug|Any CPU.Build.0 = Debug|Any CPU
		{829AA5D0-EA2E-43CD-9646-B1B99011BE3F}.Release|Any CPU.ActiveCfg = Release|Any CPU
		{829AA5D0-EA2E-43CD-9646-B1B99011BE3F}.Release|Any CPU.Build.0 = Release|Any CPU
		{A92EBE31-B787-4DE3-83AD-7722E4ED4530}.Debug|Any CPU.ActiveCfg = Debug|Any CPU
		{A92EBE31-B787-4DE3-83AD-7722E4ED4530}.Debug|Any CPU.Build.0 = Debug|Any CPU
		{A92EBE31-B787-4DE3-83AD-7722E4ED4530}.Release|Any CPU.ActiveCfg = Release|Any CPU
		{A92EBE31-B787-4DE3-83AD-7722E4ED4530}.Release|Any CPU.Build.0 = Release|Any CPU
		{20CAE548-4E2F-48E0-A705-FDE753DBBE07}.Debug|Any CPU.ActiveCfg = Debug|Any CPU
		{20CAE548-4E2F-48E0-A705-FDE753DBBE07}.Debug|Any CPU.Build.0 = Debug|Any CPU
		{20CAE548-4E2F-48E0-A705-FDE753DBBE07}.Release|Any CPU.ActiveCfg = Release|Any CPU
		{20CAE548-4E2F-48E0-A705-FDE753DBBE07}.Release|Any CPU.Build.0 = Release|Any CPU
	EndGlobalSection
	GlobalSection(SolutionProperties) = preSolution
		HideSolutionNode = FALSE
	EndGlobalSection
	GlobalSection(ExtensibilityGlobals) = postSolution
		SolutionGuid = {C2AF78A2-A9A3-47AD-A873-3158BC5C7DC8}
	EndGlobalSection
EndGlobal
